
Microsoft Visual Studio Solution File, Format Version 12.00
# Visual Studio 2012
Project("{FAE04EC0-301F-11D3-BF4B-00C04F79EFBC}") = "MvcApplication45.FormsAuth", "MvcApplication45.FormsAuth\MvcApplication45.FormsAuth.csproj", "{E44683E7-7CE6-421D-B4C3-E6A88AF736B5}"
EndProject
Global
	GlobalSection(SolutionConfigurationPlatforms) = preSolution
		Debug|Any CPU = Debug|Any CPU
		Release|Any CPU = Release|Any CPU
	EndGlobalSection
	GlobalSection(ProjectConfigurationPlatforms) = postSolution
		{E44683E7-7CE6-421D-B4C3-E6A88AF736B5}.Debug|Any CPU.ActiveCfg = Debug|Any CPU
		{E44683E7-7CE6-421D-B4C3-E6A88AF736B5}.Debug|Any CPU.Build.0 = Debug|Any CPU
		{E44683E7-7CE6-421D-B4C3-E6A88AF736B5}.Release|Any CPU.ActiveCfg = Release|Any CPU
		{E44683E7-7CE6-421D-B4C3-E6A88AF736B5}.Release|Any CPU.Build.0 = Release|Any CPU
	EndGlobalSection
	GlobalSection(SolutionProperties) = preSolution
		HideSolutionNode = FALSE
	EndGlobalSection
EndGlobal
